// !$*UTF8*$!
{
	archiveVersion = 1;
	classes = {
	};
	objectVersion = 46;
	objects = {

/* Begin PBXBuildFile section */
		BE2701BA1E7A55370057E5D4 /* Grain.cpp in Sources */ = {isa = PBXBuildFile; fileRef = BE2701B81E7A55370057E5D4 /* Grain.cpp */; };
		BE2701BB1E7A55370057E5D4 /* Grain.hpp in Headers */ = {isa = PBXBuildFile; fileRef = BE2701B91E7A55370057E5D4 /* Grain.hpp */; };
		BE2701C01E7A56510057E5D4 /* WaveFile.hpp in Headers */ = {isa = PBXBuildFile; fileRef = BE2701BE1E7A56510057E5D4 /* WaveFile.hpp */; };
		BE2701C11E7A56510057E5D4 /* WaveFile.cpp in Sources */ = {isa = PBXBuildFile; fileRef = BE2701BF1E7A56510057E5D4 /* WaveFile.cpp */; };
		BE3198591E7072A20079AA47 /* NaiveFilter.cpp in Sources */ = {isa = PBXBuildFile; fileRef = BE3198571E7072A20079AA47 /* NaiveFilter.cpp */; };
		BE31985A1E7072A20079AA47 /* NaiveFilter.hpp in Headers */ = {isa = PBXBuildFile; fileRef = BE3198581E7072A20079AA47 /* NaiveFilter.hpp */; };
		BE33F7A01E842ED30006DDD1 /* FFT.hpp in Headers */ = {isa = PBXBuildFile; fileRef = BE33F79C1E842ED30006DDD1 /* FFT.hpp */; };
		BE33F7A11E842ED30006DDD1 /* FFT.cpp in Sources */ = {isa = PBXBuildFile; fileRef = BE33F79D1E842ED30006DDD1 /* FFT.cpp */; };
		BE33F7A21E842ED30006DDD1 /* Window.hpp in Headers */ = {isa = PBXBuildFile; fileRef = BE33F79E1E842ED30006DDD1 /* Window.hpp */; };
		BE33F7A31E842ED30006DDD1 /* Window.cpp in Sources */ = {isa = PBXBuildFile; fileRef = BE33F79F1E842ED30006DDD1 /* Window.cpp */; };
		BE33F7A51E842FF90006DDD1 /* Constants.h in Headers */ = {isa = PBXBuildFile; fileRef = BE33F7A41E842FF90006DDD1 /* Constants.h */; };
		BE3C37351E7BC42D003C68D6 /* Rossler.cpp in Sources */ = {isa = PBXBuildFile; fileRef = BE3C37331E7BC42D003C68D6 /* Rossler.cpp */; };
		BE3C37361E7BC42D003C68D6 /* Rossler.hpp in Headers */ = {isa = PBXBuildFile; fileRef = BE3C37341E7BC42D003C68D6 /* Rossler.hpp */; };
		BE3C373A1E7C42D0003C68D6 /* Henon.cpp in Sources */ = {isa = PBXBuildFile; fileRef = BE3C37381E7C42D0003C68D6 /* Henon.cpp */; };
		BE3C373B1E7C42D0003C68D6 /* Henon.hpp in Headers */ = {isa = PBXBuildFile; fileRef = BE3C37391E7C42D0003C68D6 /* Henon.hpp */; };
		BE3C373E1E7C472C003C68D6 /* HarmonicOsc.cpp in Sources */ = {isa = PBXBuildFile; fileRef = BE3C373C1E7C472C003C68D6 /* HarmonicOsc.cpp */; };
		BE3C373F1E7C472C003C68D6 /* HarmonicOsc.hpp in Headers */ = {isa = PBXBuildFile; fileRef = BE3C373D1E7C472C003C68D6 /* HarmonicOsc.hpp */; };
		BE5E4EEB1E6F697400D2C509 /* Envelope.hpp in Headers */ = {isa = PBXBuildFile; fileRef = BE5E4EE91E6F697400D2C509 /* Envelope.hpp */; };
		BE5E4EEF1E6F6A4700D2C509 /* AD.cpp in Sources */ = {isa = PBXBuildFile; fileRef = BE5E4EED1E6F6A4700D2C509 /* AD.cpp */; };
		BE5E4EF01E6F6A4700D2C509 /* AD.hpp in Headers */ = {isa = PBXBuildFile; fileRef = BE5E4EEE1E6F6A4700D2C509 /* AD.hpp */; };
		BE5E4EF61E6F974300D2C509 /* CircuitOsc.cpp in Sources */ = {isa = PBXBuildFile; fileRef = BE5E4EF41E6F974300D2C509 /* CircuitOsc.cpp */; };
		BE5E4EF71E6F974300D2C509 /* CircuitOsc.hpp in Headers */ = {isa = PBXBuildFile; fileRef = BE5E4EF51E6F974300D2C509 /* CircuitOsc.hpp */; };
		BE6A713C1E7B9A150006EAF7 /* Lorenz.cpp in Sources */ = {isa = PBXBuildFile; fileRef = BE6A713A1E7B9A150006EAF7 /* Lorenz.cpp */; };
		BE6A713D1E7B9A150006EAF7 /* Lorenz.hpp in Headers */ = {isa = PBXBuildFile; fileRef = BE6A713B1E7B9A150006EAF7 /* Lorenz.hpp */; };
		BEEBA63F1E6F60210008FE3B /* Oscillator.cpp in Sources */ = {isa = PBXBuildFile; fileRef = BEEBA63D1E6F60210008FE3B /* Oscillator.cpp */; };
		BEEBA6401E6F60210008FE3B /* Oscillator.hpp in Headers */ = {isa = PBXBuildFile; fileRef = BEEBA63E1E6F60210008FE3B /* Oscillator.hpp */; };
/* End PBXBuildFile section */

/* Begin PBXFileReference section */
		BE2701B81E7A55370057E5D4 /* Grain.cpp */ = {isa = PBXFileReference; fileEncoding = 4; lastKnownFileType = sourcecode.cpp.cpp; path = Grain.cpp; sourceTree = "<group>"; };
		BE2701B91E7A55370057E5D4 /* Grain.hpp */ = {isa = PBXFileReference; fileEncoding = 4; lastKnownFileType = sourcecode.cpp.h; path = Grain.hpp; sourceTree = "<group>"; };
		BE2701BE1E7A56510057E5D4 /* WaveFile.hpp */ = {isa = PBXFileReference; fileEncoding = 4; lastKnownFileType = sourcecode.cpp.h; path = WaveFile.hpp; sourceTree = "<group>"; };
		BE2701BF1E7A56510057E5D4 /* WaveFile.cpp */ = {isa = PBXFileReference; fileEncoding = 4; lastKnownFileType = sourcecode.cpp.cpp; path = WaveFile.cpp; sourceTree = "<group>"; };
		BE3198571E7072A20079AA47 /* NaiveFilter.cpp */ = {isa = PBXFileReference; fileEncoding = 4; lastKnownFileType = sourcecode.cpp.cpp; path = NaiveFilter.cpp; sourceTree = "<group>"; };
		BE3198581E7072A20079AA47 /* NaiveFilter.hpp */ = {isa = PBXFileReference; fileEncoding = 4; lastKnownFileType = sourcecode.cpp.h; path = NaiveFilter.hpp; sourceTree = "<group>"; };
		BE33F79C1E842ED30006DDD1 /* FFT.hpp */ = {isa = PBXFileReference; fileEncoding = 4; lastKnownFileType = sourcecode.cpp.h; path = FFT.hpp; sourceTree = "<group>"; };
		BE33F79D1E842ED30006DDD1 /* FFT.cpp */ = {isa = PBXFileReference; fileEncoding = 4; lastKnownFileType = sourcecode.cpp.cpp; path = FFT.cpp; sourceTree = "<group>"; };
		BE33F79E1E842ED30006DDD1 /* Window.hpp */ = {isa = PBXFileReference; fileEncoding = 4; lastKnownFileType = sourcecode.cpp.h; path = Window.hpp; sourceTree = "<group>"; };
		BE33F79F1E842ED30006DDD1 /* Window.cpp */ = {isa = PBXFileReference; fileEncoding = 4; lastKnownFileType = sourcecode.cpp.cpp; path = Window.cpp; sourceTree = "<group>"; };
		BE33F7A41E842FF90006DDD1 /* Constants.h */ = {isa = PBXFileReference; fileEncoding = 4; lastKnownFileType = sourcecode.c.h; path = Constants.h; sourceTree = "<group>"; };
		BE3C37331E7BC42D003C68D6 /* Rossler.cpp */ = {isa = PBXFileReference; fileEncoding = 4; lastKnownFileType = sourcecode.cpp.cpp; path = Rossler.cpp; sourceTree = "<group>"; };
		BE3C37341E7BC42D003C68D6 /* Rossler.hpp */ = {isa = PBXFileReference; fileEncoding = 4; lastKnownFileType = sourcecode.cpp.h; path = Rossler.hpp; sourceTree = "<group>"; };
		BE3C37381E7C42D0003C68D6 /* Henon.cpp */ = {isa = PBXFileReference; fileEncoding = 4; lastKnownFileType = sourcecode.cpp.cpp; path = Henon.cpp; sourceTree = "<group>"; };
		BE3C37391E7C42D0003C68D6 /* Henon.hpp */ = {isa = PBXFileReference; fileEncoding = 4; lastKnownFileType = sourcecode.cpp.h; path = Henon.hpp; sourceTree = "<group>"; };
		BE3C373C1E7C472C003C68D6 /* HarmonicOsc.cpp */ = {isa = PBXFileReference; fileEncoding = 4; lastKnownFileType = sourcecode.cpp.cpp; path = HarmonicOsc.cpp; sourceTree = "<group>"; };
		BE3C373D1E7C472C003C68D6 /* HarmonicOsc.hpp */ = {isa = PBXFileReference; fileEncoding = 4; lastKnownFileType = sourcecode.cpp.h; path = HarmonicOsc.hpp; sourceTree = "<group>"; };
		BE5E4EE91E6F697400D2C509 /* Envelope.hpp */ = {isa = PBXFileReference; fileEncoding = 4; lastKnownFileType = sourcecode.cpp.h; path = Envelope.hpp; sourceTree = "<group>"; };
		BE5E4EED1E6F6A4700D2C509 /* AD.cpp */ = {isa = PBXFileReference; fileEncoding = 4; lastKnownFileType = sourcecode.cpp.cpp; path = AD.cpp; sourceTree = "<group>"; };
		BE5E4EEE1E6F6A4700D2C509 /* AD.hpp */ = {isa = PBXFileReference; fileEncoding = 4; lastKnownFileType = sourcecode.cpp.h; path = AD.hpp; sourceTree = "<group>"; };
		BE5E4EF41E6F974300D2C509 /* CircuitOsc.cpp */ = {isa = PBXFileReference; fileEncoding = 4; lastKnownFileType = sourcecode.cpp.cpp; path = CircuitOsc.cpp; sourceTree = "<group>"; };
		BE5E4EF51E6F974300D2C509 /* CircuitOsc.hpp */ = {isa = PBXFileReference; fileEncoding = 4; lastKnownFileType = sourcecode.cpp.h; path = CircuitOsc.hpp; sourceTree = "<group>"; };
		BE6A713A1E7B9A150006EAF7 /* Lorenz.cpp */ = {isa = PBXFileReference; fileEncoding = 4; lastKnownFileType = sourcecode.cpp.cpp; path = Lorenz.cpp; sourceTree = "<group>"; };
		BE6A713B1E7B9A150006EAF7 /* Lorenz.hpp */ = {isa = PBXFileReference; fileEncoding = 4; lastKnownFileType = sourcecode.cpp.h; path = Lorenz.hpp; sourceTree = "<group>"; };
		BEEBA62E1E6F596C0008FE3B /* libAudioSynthesis.a */ = {isa = PBXFileReference; explicitFileType = archive.ar; includeInIndex = 0; path = libAudioSynthesis.a; sourceTree = BUILT_PRODUCTS_DIR; };
		BEEBA63C1E6F5FF50008FE3B /* AudioSynthesis.h */ = {isa = PBXFileReference; lastKnownFileType = sourcecode.c.h; path = AudioSynthesis.h; sourceTree = "<group>"; };
		BEEBA63D1E6F60210008FE3B /* Oscillator.cpp */ = {isa = PBXFileReference; fileEncoding = 4; lastKnownFileType = sourcecode.cpp.cpp; path = Oscillator.cpp; sourceTree = "<group>"; };
		BEEBA63E1E6F60210008FE3B /* Oscillator.hpp */ = {isa = PBXFileReference; fileEncoding = 4; lastKnownFileType = sourcecode.cpp.h; path = Oscillator.hpp; sourceTree = "<group>"; };
/* End PBXFileReference section */

/* Begin PBXFrameworksBuildPhase section */
		BEEBA62B1E6F596C0008FE3B /* Frameworks */ = {
			isa = PBXFrameworksBuildPhase;
			buildActionMask = 2147483647;
			files = (
			);
			runOnlyForDeploymentPostprocessing = 0;
		};
/* End PBXFrameworksBuildPhase section */

/* Begin PBXGroup section */
		BE2701BC1E7A553E0057E5D4 /* Granular */ = {
			isa = PBXGroup;
			children = (
				BE2701B91E7A55370057E5D4 /* Grain.hpp */,
				BE2701B81E7A55370057E5D4 /* Grain.cpp */,
			);
			name = Granular;
			sourceTree = "<group>";
		};
		BE2701BD1E7A56440057E5D4 /* Files */ = {
			isa = PBXGroup;
			children = (
				BE2701BE1E7A56510057E5D4 /* WaveFile.hpp */,
				BE2701BF1E7A56510057E5D4 /* WaveFile.cpp */,
			);
			name = Files;
			sourceTree = "<group>";
		};
		BE31985B1E7072A70079AA47 /* Filter */ = {
			isa = PBXGroup;
			children = (
				BE3198581E7072A20079AA47 /* NaiveFilter.hpp */,
				BE3198571E7072A20079AA47 /* NaiveFilter.cpp */,
			);
			name = Filter;
			sourceTree = "<group>";
		};
		BE33F79B1E842EBB0006DDD1 /* Math */ = {
			isa = PBXGroup;
			children = (
				BE33F7A41E842FF90006DDD1 /* Constants.h */,
				BE33F79C1E842ED30006DDD1 /* FFT.hpp */,
				BE33F79D1E842ED30006DDD1 /* FFT.cpp */,
				BE33F79E1E842ED30006DDD1 /* Window.hpp */,
				BE33F79F1E842ED30006DDD1 /* Window.cpp */,
			);
			name = Math;
			sourceTree = "<group>";
		};
		BE5E4EEC1E6F698000D2C509 /* Envelope */ = {
			isa = PBXGroup;
			children = (
				BE5E4EE91E6F697400D2C509 /* Envelope.hpp */,
				BE5E4EEE1E6F6A4700D2C509 /* AD.hpp */,
				BE5E4EED1E6F6A4700D2C509 /* AD.cpp */,
			);
			name = Envelope;
			sourceTree = "<group>";
		};
		BEEBA6251E6F596C0008FE3B = {
			isa = PBXGroup;
			children = (
				BEEBA6301E6F596C0008FE3B /* AudioSynthesis */,
				BEEBA62F1E6F596C0008FE3B /* Products */,
			);
			sourceTree = "<group>";
		};
		BEEBA62F1E6F596C0008FE3B /* Products */ = {
			isa = PBXGroup;
			children = (
				BEEBA62E1E6F596C0008FE3B /* libAudioSynthesis.a */,
			);
			name = Products;
			sourceTree = "<group>";
		};
		BEEBA6301E6F596C0008FE3B /* AudioSynthesis */ = {
			isa = PBXGroup;
			children = (
				BE33F79B1E842EBB0006DDD1 /* Math */,
				BE2701BD1E7A56440057E5D4 /* Files */,
				BE2701BC1E7A553E0057E5D4 /* Granular */,
				BE31985B1E7072A70079AA47 /* Filter */,
				BEEBA6411E6F602C0008FE3B /* Oscillator */,
				BE5E4EEC1E6F698000D2C509 /* Envelope */,
				BEEBA63C1E6F5FF50008FE3B /* AudioSynthesis.h */,
			);
			path = AudioSynthesis;
			sourceTree = "<group>";
		};
		BEEBA6411E6F602C0008FE3B /* Oscillator */ = {
			isa = PBXGroup;
			children = (
				BE5E4EF51E6F974300D2C509 /* CircuitOsc.hpp */,
				BE5E4EF41E6F974300D2C509 /* CircuitOsc.cpp */,
				BEEBA63E1E6F60210008FE3B /* Oscillator.hpp */,
				BEEBA63D1E6F60210008FE3B /* Oscillator.cpp */,
				BE6A713B1E7B9A150006EAF7 /* Lorenz.hpp */,
				BE6A713A1E7B9A150006EAF7 /* Lorenz.cpp */,
				BE3C37341E7BC42D003C68D6 /* Rossler.hpp */,
				BE3C37331E7BC42D003C68D6 /* Rossler.cpp */,
				BE3C37391E7C42D0003C68D6 /* Henon.hpp */,
				BE3C37381E7C42D0003C68D6 /* Henon.cpp */,
				BE3C373D1E7C472C003C68D6 /* HarmonicOsc.hpp */,
				BE3C373C1E7C472C003C68D6 /* HarmonicOsc.cpp */,
			);
			name = Oscillator;
			sourceTree = "<group>";
		};
/* End PBXGroup section */

/* Begin PBXHeadersBuildPhase section */
		BEEBA62C1E6F596C0008FE3B /* Headers */ = {
			isa = PBXHeadersBuildPhase;
			buildActionMask = 2147483647;
			files = (
				BE5E4EF71E6F974300D2C509 /* CircuitOsc.hpp in Headers */,
				BE31985A1E7072A20079AA47 /* NaiveFilter.hpp in Headers */,
				BE3C373F1E7C472C003C68D6 /* HarmonicOsc.hpp in Headers */,
				BE6A713D1E7B9A150006EAF7 /* Lorenz.hpp in Headers */,
				BE5E4EEB1E6F697400D2C509 /* Envelope.hpp in Headers */,
				BEEBA6401E6F60210008FE3B /* Oscillator.hpp in Headers */,
				BE33F7A21E842ED30006DDD1 /* Window.hpp in Headers */,
				BE3C373B1E7C42D0003C68D6 /* Henon.hpp in Headers */,
				BE33F7A51E842FF90006DDD1 /* Constants.h in Headers */,
				BE3C37361E7BC42D003C68D6 /* Rossler.hpp in Headers */,
				BE2701C01E7A56510057E5D4 /* WaveFile.hpp in Headers */,
				BE33F7A01E842ED30006DDD1 /* FFT.hpp in Headers */,
				BE2701BB1E7A55370057E5D4 /* Grain.hpp in Headers */,
				BE5E4EF01E6F6A4700D2C509 /* AD.hpp in Headers */,
			);
			runOnlyForDeploymentPostprocessing = 0;
		};
/* End PBXHeadersBuildPhase section */

/* Begin PBXNativeTarget section */
		BEEBA62D1E6F596C0008FE3B /* AudioSynthesis */ = {
			isa = PBXNativeTarget;
			buildConfigurationList = BEEBA6391E6F596C0008FE3B /* Build configuration list for PBXNativeTarget "AudioSynthesis" */;
			buildPhases = (
				BEEBA62A1E6F596C0008FE3B /* Sources */,
				BEEBA62B1E6F596C0008FE3B /* Frameworks */,
				BEEBA62C1E6F596C0008FE3B /* Headers */,
			);
			buildRules = (
			);
			dependencies = (
			);
			name = AudioSynthesis;
			productName = AudioSynthesis;
			productReference = BEEBA62E1E6F596C0008FE3B /* libAudioSynthesis.a */;
			productType = "com.apple.product-type.library.static";
		};
/* End PBXNativeTarget section */

/* Begin PBXProject section */
		BEEBA6261E6F596C0008FE3B /* Project object */ = {
			isa = PBXProject;
			attributes = {
				LastUpgradeCheck = 0820;
				ORGANIZATIONNAME = "Steven Novak";
				TargetAttributes = {
					BEEBA62D1E6F596C0008FE3B = {
						CreatedOnToolsVersion = 8.2.1;
						DevelopmentTeam = FMA8K8XTLZ;
						ProvisioningStyle = Automatic;
					};
				};
			};
			buildConfigurationList = BEEBA6291E6F596C0008FE3B /* Build configuration list for PBXProject "AudioSynthesis" */;
			compatibilityVersion = "Xcode 3.2";
			developmentRegion = English;
			hasScannedForEncodings = 0;
			knownRegions = (
				en,
			);
			mainGroup = BEEBA6251E6F596C0008FE3B;
			productRefGroup = BEEBA62F1E6F596C0008FE3B /* Products */;
			projectDirPath = "";
			projectRoot = "";
			targets = (
				BEEBA62D1E6F596C0008FE3B /* AudioSynthesis */,
			);
		};
/* End PBXProject section */

/* Begin PBXSourcesBuildPhase section */
		BEEBA62A1E6F596C0008FE3B /* Sources */ = {
			isa = PBXSourcesBuildPhase;
			buildActionMask = 2147483647;
			files = (
				BE5E4EF61E6F974300D2C509 /* CircuitOsc.cpp in Sources */,
				BE3198591E7072A20079AA47 /* NaiveFilter.cpp in Sources */,
				BE3C373E1E7C472C003C68D6 /* HarmonicOsc.cpp in Sources */,
				BE2701BA1E7A55370057E5D4 /* Grain.cpp in Sources */,
				BE33F7A11E842ED30006DDD1 /* FFT.cpp in Sources */,
				BE5E4EEF1E6F6A4700D2C509 /* AD.cpp in Sources */,
				BE6A713C1E7B9A150006EAF7 /* Lorenz.cpp in Sources */,
				BE33F7A31E842ED30006DDD1 /* Window.cpp in Sources */,
				BE2701C11E7A56510057E5D4 /* WaveFile.cpp in Sources */,
				BE3C373A1E7C42D0003C68D6 /* Henon.cpp in Sources */,
				BE3C37351E7BC42D003C68D6 /* Rossler.cpp in Sources */,
				BEEBA63F1E6F60210008FE3B /* Oscillator.cpp in Sources */,
			);
			runOnlyForDeploymentPostprocessing = 0;
		};
/* End PBXSourcesBuildPhase section */

/* Begin XCBuildConfiguration section */
		BEEBA6371E6F596C0008FE3B /* Debug */ = {
			isa = XCBuildConfiguration;
			buildSettings = {
				ALWAYS_SEARCH_USER_PATHS = NO;
				CLANG_ANALYZER_NONNULL = YES;
				CLANG_CXX_LANGUAGE_STANDARD = "gnu++0x";
				CLANG_CXX_LIBRARY = "libc++";
				CLANG_ENABLE_MODULES = YES;
				CLANG_ENABLE_OBJC_ARC = YES;
				CLANG_WARN_BOOL_CONVERSION = YES;
				CLANG_WARN_CONSTANT_CONVERSION = YES;
				CLANG_WARN_DIRECT_OBJC_ISA_USAGE = YES_ERROR;
				CLANG_WARN_DOCUMENTATION_COMMENTS = YES;
				CLANG_WARN_EMPTY_BODY = YES;
				CLANG_WARN_ENUM_CONVERSION = YES;
				CLANG_WARN_INFINITE_RECURSION = YES;
				CLANG_WARN_INT_CONVERSION = YES;
				CLANG_WARN_OBJC_ROOT_CLASS = YES_ERROR;
				CLANG_WARN_SUSPICIOUS_MOVE = YES;
				CLANG_WARN_UNREACHABLE_CODE = YES;
				CLANG_WARN__DUPLICATE_METHOD_MATCH = YES;
				CODE_SIGN_IDENTITY = "-";
				COPY_PHASE_STRIP = NO;
				DEBUG_INFORMATION_FORMAT = dwarf;
				ENABLE_STRICT_OBJC_MSGSEND = YES;
				ENABLE_TESTABILITY = YES;
				GCC_C_LANGUAGE_STANDARD = gnu99;
				GCC_DYNAMIC_NO_PIC = NO;
				GCC_NO_COMMON_BLOCKS = YES;
				GCC_OPTIMIZATION_LEVEL = 0;
				GCC_PREPROCESSOR_DEFINITIONS = (
					"DEBUG=1",
					"$(inherited)",
				);
				GCC_WARN_64_TO_32_BIT_CONVERSION = YES;
				GCC_WARN_ABOUT_RETURN_TYPE = YES_ERROR;
				GCC_WARN_UNDECLARED_SELECTOR = YES;
				GCC_WARN_UNINITIALIZED_AUTOS = YES_AGGRESSIVE;
				GCC_WARN_UNUSED_FUNCTION = YES;
				GCC_WARN_UNUSED_VARIABLE = YES;
				MACOSX_DEPLOYMENT_TARGET = 10.12;
				MTL_ENABLE_DEBUG_INFO = YES;
				ONLY_ACTIVE_ARCH = YES;
				SDKROOT = macosx;
			};
			name = Debug;
		};
		BEEBA6381E6F596C0008FE3B /* Release */ = {
			isa = XCBuildConfiguration;
			buildSettings = {
				ALWAYS_SEARCH_USER_PATHS = NO;
				CLANG_ANALYZER_NONNULL = YES;
				CLANG_CXX_LANGUAGE_STANDARD = "gnu++0x";
				CLANG_CXX_LIBRARY = "libc++";
				CLANG_ENABLE_MODULES = YES;
				CLANG_ENABLE_OBJC_ARC = YES;
				CLANG_WARN_BOOL_CONVERSION = YES;
				CLANG_WARN_CONSTANT_CONVERSION = YES;
				CLANG_WARN_DIRECT_OBJC_ISA_USAGE = YES_ERROR;
				CLANG_WARN_DOCUMENTATION_COMMENTS = YES;
				CLANG_WARN_EMPTY_BODY = YES;
				CLANG_WARN_ENUM_CONVERSION = YES;
				CLANG_WARN_INFINITE_RECURSION = YES;
				CLANG_WARN_INT_CONVERSION = YES;
				CLANG_WARN_OBJC_ROOT_CLASS = YES_ERROR;
				CLANG_WARN_SUSPICIOUS_MOVE = YES;
				CLANG_WARN_UNREACHABLE_CODE = YES;
				CLANG_WARN__DUPLICATE_METHOD_MATCH = YES;
				CODE_SIGN_IDENTITY = "-";
				COPY_PHASE_STRIP = NO;
				DEBUG_INFORMATION_FORMAT = "dwarf-with-dsym";
				ENABLE_NS_ASSERTIONS = NO;
				ENABLE_STRICT_OBJC_MSGSEND = YES;
				GCC_C_LANGUAGE_STANDARD = gnu99;
				GCC_NO_COMMON_BLOCKS = YES;
				GCC_WARN_64_TO_32_BIT_CONVERSION = YES;
				GCC_WARN_ABOUT_RETURN_TYPE = YES_ERROR;
				GCC_WARN_UNDECLARED_SELECTOR = YES;
				GCC_WARN_UNINITIALIZED_AUTOS = YES_AGGRESSIVE;
				GCC_WARN_UNUSED_FUNCTION = YES;
				GCC_WARN_UNUSED_VARIABLE = YES;
				MACOSX_DEPLOYMENT_TARGET = 10.12;
				MTL_ENABLE_DEBUG_INFO = NO;
				SDKROOT = macosx;
			};
			name = Release;
		};
		BEEBA63A1E6F596C0008FE3B /* Debug */ = {
			isa = XCBuildConfiguration;
			buildSettings = {
				DEVELOPMENT_TEAM = FMA8K8XTLZ;
				EXECUTABLE_PREFIX = lib;
				GCC_ENABLE_CPP_EXCEPTIONS = YES;
				GCC_ENABLE_CPP_RTTI = YES;
				PRODUCT_NAME = "$(TARGET_NAME)";
			};
			name = Debug;
		};
		BEEBA63B1E6F596C0008FE3B /* Release */ = {
			isa = XCBuildConfiguration;
			buildSettings = {
				DEVELOPMENT_TEAM = FMA8K8XTLZ;
				EXECUTABLE_PREFIX = lib;
				GCC_ENABLE_CPP_EXCEPTIONS = YES;
				GCC_ENABLE_CPP_RTTI = YES;
				PRODUCT_NAME = "$(TARGET_NAME)";
			};
			name = Release;
		};
/* End XCBuildConfiguration section */

/* Begin XCConfigurationList section */
		BEEBA6291E6F596C0008FE3B /* Build configuration list for PBXProject "AudioSynthesis" */ = {
			isa = XCConfigurationList;
			buildConfigurations = (
				BEEBA6371E6F596C0008FE3B /* Debug */,
				BEEBA6381E6F596C0008FE3B /* Release */,
			);
			defaultConfigurationIsVisible = 0;
			defaultConfigurationName = Release;
		};
		BEEBA6391E6F596C0008FE3B /* Build configuration list for PBXNativeTarget "AudioSynthesis" */ = {
			isa = XCConfigurationList;
			buildConfigurations = (
				BEEBA63A1E6F596C0008FE3B /* Debug */,
				BEEBA63B1E6F596C0008FE3B /* Release */,
			);
			defaultConfigurationIsVisible = 0;
			defaultConfigurationName = Release;
		};
/* End XCConfigurationList section */
	};
	rootObject = BEEBA6261E6F596C0008FE3B /* Project object */;
}
